
Microsoft Visual Studio Solution File, Format Version 12.00
# Visual Studio Version 17
VisualStudioVersion = 17.3.32825.248
MinimumVisualStudioVersion = 10.0.40219.1
Project("{FAE04EC0-301F-11D3-BF4B-00C04F79EFBC}") = "EntityFrameworkTestProject", "EntityFrameworkTestProject.csproj", "{0C383AC4-62BE-4B5A-BE27-18C418797D01}"
EndProject
Global
	GlobalSection(SolutionConfigurationPlatforms) = preSolution
		Debug|Any CPU = Debug|Any CPU
		Release|Any CPU = Release|Any CPU
	EndGlobalSection
	GlobalSection(ProjectConfigurationPlatforms) = postSolution
		{0C383AC4-62BE-4B5A-BE27-18C418797D01}.Debug|Any CPU.ActiveCfg = Debug|Any CPU
		{0C383AC4-62BE-4B5A-BE27-18C418797D01}.Debug|Any CPU.Build.0 = Debug|Any CPU
		{0C383AC4-62BE-4B5A-BE27-18C418797D01}.Release|Any CPU.ActiveCfg = Release|Any CPU
		{0C383AC4-62BE-4B5A-BE27-18C418797D01}.Release|Any CPU.Build.0 = Release|Any CPU
	EndGlobalSection
	GlobalSection(SolutionProperties) = preSolution
		HideSolutionNode = FALSE
	EndGlobalSection
	GlobalSection(ExtensibilityGlobals) = postSolution
		SolutionGuid = {DA7027B8-DE6A-43DB-B067-8E8FC8278196}
	EndGlobalSection
EndGlobal
